
Microsoft Visual Studio Solution File, Format Version 12.00
# Visual Studio 15
VisualStudioVersion = 15.0.26730.16
MinimumVisualStudioVersion = 10.0.40219.1
Project("{262852C6-CD72-467D-83FE-5EEB1973A190}") = "SoFineKnight", "SoFineKnight\SoFineKnight.jsproj", "{BAA1BFC3-8AD7-45B2-8154-9A7FAB5B73EB}"
EndProject
Global
	GlobalSection(SolutionConfigurationPlatforms) = preSolution
		Debug|Any CPU = Debug|Any CPU
		Debug|ARM = Debug|ARM
		Debug|x64 = Debug|x64
		Debug|x86 = Debug|x86
		Release|Any CPU = Release|Any CPU
		Release|ARM = Release|ARM
		Release|x64 = Release|x64
		Release|x86 = Release|x86
	EndGlobalSection
	GlobalSection(ProjectConfigurationPlatforms) = postSolution
		{BAA1BFC3-8AD7-45B2-8154-9A7FAB5B73EB}.Debug|Any CPU.ActiveCfg = Debug|Any CPU
		{BAA1BFC3-8AD7-45B2-8154-9A7FAB5B73EB}.Debug|Any CPU.Build.0 = Debug|Any CPU
		{BAA1BFC3-8AD7-45B2-8154-9A7FAB5B73EB}.Debug|Any CPU.Deploy.0 = Debug|Any CPU
		{BAA1BFC3-8AD7-45B2-8154-9A7FAB5B73EB}.Debug|ARM.ActiveCfg = Debug|ARM
		{BAA1BFC3-8AD7-45B2-8154-9A7FAB5B73EB}.Debug|ARM.Build.0 = Debug|ARM
		{BAA1BFC3-8AD7-45B2-8154-9A7FAB5B73EB}.Debug|ARM.Deploy.0 = Debug|ARM
		{BAA1BFC3-8AD7-45B2-8154-9A7FAB5B73EB}.Debug|x64.ActiveCfg = Debug|x64
		{BAA1BFC3-8AD7-45B2-8154-9A7FAB5B73EB}.Debug|x64.Build.0 = Debug|x64
		{BAA1BFC3-8AD7-45B2-8154-9A7FAB5B73EB}.Debug|x64.Deploy.0 = Debug|x64
		{BAA1BFC3-8AD7-45B2-8154-9A7FAB5B73EB}.Debug|x86.ActiveCfg = Debug|x86
		{BAA1BFC3-8AD7-45B2-8154-9A7FAB5B73EB}.Debug|x86.Build.0 = Debug|x86
		{BAA1BFC3-8AD7-45B2-8154-9A7FAB5B73EB}.Debug|x86.Deploy.0 = Debug|x86
		{BAA1BFC3-8AD7-45B2-8154-9A7FAB5B73EB}.Release|Any CPU.ActiveCfg = Release|Any CPU
		{BAA1BFC3-8AD7-45B2-8154-9A7FAB5B73EB}.Release|Any CPU.Build.0 = Release|Any CPU
		{BAA1BFC3-8AD7-45B2-8154-9A7FAB5B73EB}.Release|Any CPU.Deploy.0 = Release|Any CPU
		{BAA1BFC3-8AD7-45B2-8154-9A7FAB5B73EB}.Release|ARM.ActiveCfg = Release|ARM
		{BAA1BFC3-8AD7-45B2-8154-9A7FAB5B73EB}.Release|ARM.Build.0 = Release|ARM
		{BAA1BFC3-8AD7-45B2-8154-9A7FAB5B73EB}.Release|ARM.Deploy.0 = Release|ARM
		{BAA1BFC3-8AD7-45B2-8154-9A7FAB5B73EB}.Release|x64.ActiveCfg = Release|x64
		{BAA1BFC3-8AD7-45B2-8154-9A7FAB5B73EB}.Release|x64.Build.0 = Release|x64
		{BAA1BFC3-8AD7-45B2-8154-9A7FAB5B73EB}.Release|x64.Deploy.0 = Release|x64
		{BAA1BFC3-8AD7-45B2-8154-9A7FAB5B73EB}.Release|x86.ActiveCfg = Release|x86
		{BAA1BFC3-8AD7-45B2-8154-9A7FAB5B73EB}.Release|x86.Build.0 = Release|x86
		{BAA1BFC3-8AD7-45B2-8154-9A7FAB5B73EB}.Release|x86.Deploy.0 = Release|x86
	EndGlobalSection
	GlobalSection(SolutionProperties) = preSolution
		HideSolutionNode = FALSE
	EndGlobalSection
	GlobalSection(ExtensibilityGlobals) = postSolution
		SolutionGuid = {278A4BAC-1301-47F9-ABBD-E84D4C292A4E}
	EndGlobalSection
EndGlobal
